
Microsoft Visual Studio Solution File, Format Version 12.00
# Visual Studio Version 17
VisualStudioVersion = 17.4.33110.190
MinimumVisualStudioVersion = 10.0.40219.1
Project("{FAE04EC0-301F-11D3-BF4B-00C04F79EFBC}") = "Ejercicio 22. Imprimir acumulado de impares y numeros", "Ejercicio 22. Imprimir acumulado de impares y numeros\Ejercicio 22. Imprimir acumulado de impares y numeros.csproj", "{686AF719-69FC-4F2B-8D28-9EF51ED2FB73}"
EndProject
Global
	GlobalSection(SolutionConfigurationPlatforms) = preSolution
		Debug|Any CPU = Debug|Any CPU
		Release|Any CPU = Release|Any CPU
	EndGlobalSection
	GlobalSection(ProjectConfigurationPlatforms) = postSolution
		{686AF719-69FC-4F2B-8D28-9EF51ED2FB73}.Debug|Any CPU.ActiveCfg = Debug|Any CPU
		{686AF719-69FC-4F2B-8D28-9EF51ED2FB73}.Debug|Any CPU.Build.0 = Debug|Any CPU
		{686AF719-69FC-4F2B-8D28-9EF51ED2FB73}.Release|Any CPU.ActiveCfg = Release|Any CPU
		{686AF719-69FC-4F2B-8D28-9EF51ED2FB73}.Release|Any CPU.Build.0 = Release|Any CPU
	EndGlobalSection
	GlobalSection(SolutionProperties) = preSolution
		HideSolutionNode = FALSE
	EndGlobalSection
	GlobalSection(ExtensibilityGlobals) = postSolution
		SolutionGuid = {91DEA157-362B-4574-8826-2FD388CBE3E5}
	EndGlobalSection
EndGlobal
